
Microsoft Visual Studio Solution File, Format Version 12.00
# Visual Studio Version 17
VisualStudioVersion = 17.14.35821.62
MinimumVisualStudioVersion = 10.0.40219.1
Project("{FAE04EC0-301F-11D3-BF4B-00C04F79EFBC}") = "RKPlugin", "RKPlugin\RKPlugin.csproj", "{53B9EE53-37B5-4DB3-94F5-CEFC021007FC}"
EndProject
Project("{FAE04EC0-301F-11D3-BF4B-00C04F79EFBC}") = "TestWebApplication", "TestWebApplication\TestWebApplication.csproj", "{2EF28A6C-E558-4DBD-9624-049F877357F2}"
EndProject
Project("{FAE04EC0-301F-11D3-BF4B-00C04F79EFBC}") = "TestPlugin", "TestPlugin\TestPlugin.csproj", "{704D3163-EA66-4327-8AD6-8A95126E573A}"
EndProject
Project("{2150E333-8FDC-42A3-9474-1A3956D46DE8}") = "Mocks", "Mocks", "{DDB4EF12-CC4E-5E88-E6FC-71A802F4DE97}"
EndProject
Project("{FAE04EC0-301F-11D3-BF4B-00C04F79EFBC}") = "Microsoft.Extensions.Http", "Microsoft.Extensions.Http\Microsoft.Extensions.Http.csproj", "{4E2AAE12-42DC-4CC1-9F5F-9D2C63D256F3}"
EndProject
Project("{FAE04EC0-301F-11D3-BF4B-00C04F79EFBC}") = "TestProject1", "TestProject1\TestProject1.csproj", "{A2EE8394-6736-4F7E-BEB6-A75BD05B1EF2}"
EndProject
Project("{FAE04EC0-301F-11D3-BF4B-00C04F79EFBC}") = "Microsoft.Extensions.DependencyInjection.Abstractions", "Microsoft.Extensions.DependencyInjection.Abstractions\Microsoft.Extensions.DependencyInjection.Abstractions.csproj", "{170A0255-73CF-4300-B8B7-BA9B3A2E60DB}"
EndProject
Project("{FAE04EC0-301F-11D3-BF4B-00C04F79EFBC}") = "Microsoft.Extensions.Telemetry", "Microsoft.Extensions.Telemetry\Microsoft.Extensions.Telemetry.csproj", "{D0A9C809-823D-4999-B430-19E05AFA119B}"
EndProject
Project("{FAE04EC0-301F-11D3-BF4B-00C04F79EFBC}") = "Microsoft.Extensions.AmbientMetadata.Application", "Microsoft.Extensions.AmbientMetadata.Application\Microsoft.Extensions.AmbientMetadata.Application.csproj", "{DF99B1FB-BDBA-4706-A4AE-99D21D895DA0}"
EndProject
Global
	GlobalSection(SolutionConfigurationPlatforms) = preSolution
		Debug|Any CPU = Debug|Any CPU
		Release|Any CPU = Release|Any CPU
	EndGlobalSection
	GlobalSection(ProjectConfigurationPlatforms) = postSolution
		{53B9EE53-37B5-4DB3-94F5-CEFC021007FC}.Debug|Any CPU.ActiveCfg = Debug|Any CPU
		{53B9EE53-37B5-4DB3-94F5-CEFC021007FC}.Debug|Any CPU.Build.0 = Debug|Any CPU
		{53B9EE53-37B5-4DB3-94F5-CEFC021007FC}.Release|Any CPU.ActiveCfg = Release|Any CPU
		{53B9EE53-37B5-4DB3-94F5-CEFC021007FC}.Release|Any CPU.Build.0 = Release|Any CPU
		{2EF28A6C-E558-4DBD-9624-049F877357F2}.Debug|Any CPU.ActiveCfg = Debug|Any CPU
		{2EF28A6C-E558-4DBD-9624-049F877357F2}.Debug|Any CPU.Build.0 = Debug|Any CPU
		{2EF28A6C-E558-4DBD-9624-049F877357F2}.Release|Any CPU.ActiveCfg = Release|Any CPU
		{2EF28A6C-E558-4DBD-9624-049F877357F2}.Release|Any CPU.Build.0 = Release|Any CPU
		{704D3163-EA66-4327-8AD6-8A95126E573A}.Debug|Any CPU.ActiveCfg = Debug|Any CPU
		{704D3163-EA66-4327-8AD6-8A95126E573A}.Debug|Any CPU.Build.0 = Debug|Any CPU
		{704D3163-EA66-4327-8AD6-8A95126E573A}.Release|Any CPU.ActiveCfg = Release|Any CPU
		{704D3163-EA66-4327-8AD6-8A95126E573A}.Release|Any CPU.Build.0 = Release|Any CPU
		{4E2AAE12-42DC-4CC1-9F5F-9D2C63D256F3}.Debug|Any CPU.ActiveCfg = Debug|Any CPU
		{4E2AAE12-42DC-4CC1-9F5F-9D2C63D256F3}.Debug|Any CPU.Build.0 = Debug|Any CPU
		{4E2AAE12-42DC-4CC1-9F5F-9D2C63D256F3}.Release|Any CPU.ActiveCfg = Release|Any CPU
		{4E2AAE12-42DC-4CC1-9F5F-9D2C63D256F3}.Release|Any CPU.Build.0 = Release|Any CPU
		{A2EE8394-6736-4F7E-BEB6-A75BD05B1EF2}.Debug|Any CPU.ActiveCfg = Debug|Any CPU
		{A2EE8394-6736-4F7E-BEB6-A75BD05B1EF2}.Debug|Any CPU.Build.0 = Debug|Any CPU
		{A2EE8394-6736-4F7E-BEB6-A75BD05B1EF2}.Release|Any CPU.ActiveCfg = Release|Any CPU
		{A2EE8394-6736-4F7E-BEB6-A75BD05B1EF2}.Release|Any CPU.Build.0 = Release|Any CPU
		{170A0255-73CF-4300-B8B7-BA9B3A2E60DB}.Debug|Any CPU.ActiveCfg = Debug|Any CPU
		{170A0255-73CF-4300-B8B7-BA9B3A2E60DB}.Debug|Any CPU.Build.0 = Debug|Any CPU
		{170A0255-73CF-4300-B8B7-BA9B3A2E60DB}.Release|Any CPU.ActiveCfg = Release|Any CPU
		{170A0255-73CF-4300-B8B7-BA9B3A2E60DB}.Release|Any CPU.Build.0 = Release|Any CPU
		{D0A9C809-823D-4999-B430-19E05AFA119B}.Debug|Any CPU.ActiveCfg = Debug|Any CPU
		{D0A9C809-823D-4999-B430-19E05AFA119B}.Debug|Any CPU.Build.0 = Debug|Any CPU
		{D0A9C809-823D-4999-B430-19E05AFA119B}.Release|Any CPU.ActiveCfg = Release|Any CPU
		{D0A9C809-823D-4999-B430-19E05AFA119B}.Release|Any CPU.Build.0 = Release|Any CPU
		{DF99B1FB-BDBA-4706-A4AE-99D21D895DA0}.Debug|Any CPU.ActiveCfg = Debug|Any CPU
		{DF99B1FB-BDBA-4706-A4AE-99D21D895DA0}.Debug|Any CPU.Build.0 = Debug|Any CPU
		{DF99B1FB-BDBA-4706-A4AE-99D21D895DA0}.Release|Any CPU.ActiveCfg = Release|Any CPU
		{DF99B1FB-BDBA-4706-A4AE-99D21D895DA0}.Release|Any CPU.Build.0 = Release|Any CPU
	EndGlobalSection
	GlobalSection(SolutionProperties) = preSolution
		HideSolutionNode = FALSE
	EndGlobalSection
	GlobalSection(NestedProjects) = preSolution
		{4E2AAE12-42DC-4CC1-9F5F-9D2C63D256F3} = {DDB4EF12-CC4E-5E88-E6FC-71A802F4DE97}
		{170A0255-73CF-4300-B8B7-BA9B3A2E60DB} = {DDB4EF12-CC4E-5E88-E6FC-71A802F4DE97}
		{D0A9C809-823D-4999-B430-19E05AFA119B} = {DDB4EF12-CC4E-5E88-E6FC-71A802F4DE97}
		{DF99B1FB-BDBA-4706-A4AE-99D21D895DA0} = {DDB4EF12-CC4E-5E88-E6FC-71A802F4DE97}
	EndGlobalSection
	GlobalSection(ExtensibilityGlobals) = postSolution
		SolutionGuid = {5540B951-41B7-4C17-8632-B2507F6CB93E}
	EndGlobalSection
EndGlobal
